{
  "name": "polyglots-academy",
  "version": "1.0.0",
  "lockfileVersion": 3,
  "requires": true,
  "packages": {
    "": {
      "name": "polyglots-academy",
      "version": "1.0.0",
      "dependencies": {
        "@google/generative-ai": "^0.11.0"
      }
    },
    "node_modules/@google/generative-ai": {
      "version": "0.11.5",
      "resolved": "https://registry.npmjs.org/@google/generative-ai/-/generative-ai-0.11.5.tgz",
      "integrity": "sha512-DviMgrnljEKh6qkDT2pVFW+NEuVhggqBUoEnyy2PNL7l4ewxXRJubk3PctC9yPl1AdRIlhqP7E076QQt+IWuTg==",
      "license": "Apache-2.0",
      "engines": {
        "node": ">=18.0.0"
      }
    }
  }
}
